# This file was autogenerated by Stack.
# You should not edit this file by hand.
# For more information, please see the documentation at:
#   https://docs.haskellstack.org/en/stable/lock_files

packages:
- completed:
    commit: 94f887c5716bfe7d9323ce3f384fecffee76a969
    git: https://github.com/tomjaguarpaw/haskell-opaleye.git
    name: opaleye
    pantry-tree:
      sha256: 6fa8240c43d17ca42767e4e555cb4844df52b7bd85180cf218ffa66eadac2e43
      size: 11030
    version: 0.10.2.0
  original:
    commit: 94f887c5716bfe7d9323ce3f384fecffee76a969
    git: https://github.com/tomjaguarpaw/haskell-opaleye.git
snapshots:
- completed:
    sha256: 7b975b104cb3dbf0c297dfd01f936a4d2ee523241dd0b1ae960522b833fe3027
    size: 714096
    url: https://raw.githubusercontent.com/commercialhaskell/stackage-snapshots/master/lts/22/7.yaml
  original:
    url: https://raw.githubusercontent.com/commercialhaskell/stackage-snapshots/master/lts/22/7.yaml
